
Microsoft Visual Studio Solution File, Format Version 12.00
# Visual Studio Version 17
VisualStudioVersion = 17.0.32014.148
MinimumVisualStudioVersion = 10.0.40219.1
Project("{FAE04EC0-301F-11D3-BF4B-00C04F79EFBC}") = "geekbrains_educ_projet", "geekbrains_educ_projet\geekbrains_educ_projet.csproj", "{914B389B-A969-4AA9-B449-EB65B1330308}"
EndProject
Global
	GlobalSection(SolutionConfigurationPlatforms) = preSolution
		Debug|Any CPU = Debug|Any CPU
		Release|Any CPU = Release|Any CPU
	EndGlobalSection
	GlobalSection(ProjectConfigurationPlatforms) = postSolution
		{914B389B-A969-4AA9-B449-EB65B1330308}.Debug|Any CPU.ActiveCfg = Debug|Any CPU
		{914B389B-A969-4AA9-B449-EB65B1330308}.Debug|Any CPU.Build.0 = Debug|Any CPU
		{914B389B-A969-4AA9-B449-EB65B1330308}.Release|Any CPU.ActiveCfg = Release|Any CPU
		{914B389B-A969-4AA9-B449-EB65B1330308}.Release|Any CPU.Build.0 = Release|Any CPU
	EndGlobalSection
	GlobalSection(SolutionProperties) = preSolution
		HideSolutionNode = FALSE
	EndGlobalSection
	GlobalSection(ExtensibilityGlobals) = postSolution
		SolutionGuid = {B2EB335E-4AF8-451D-8563-307BEF7DC375}
	EndGlobalSection
EndGlobal
